// !$*UTF8*$!
{
	archiveVersion = 1;
	classes = {
	};
	objectVersion = 56;
	objects = {

/* Begin PBXBuildFile section */
		3F1223792ACAC1F6006DEA3F /* AppDelegate.swift in Sources */ = {isa = PBXBuildFile; fileRef = 3F1223782ACAC1F6006DEA3F /* AppDelegate.swift */; };
		3F12237B2ACAC1F6006DEA3F /* SceneDelegate.swift in Sources */ = {isa = PBXBuildFile; fileRef = 3F12237A2ACAC1F6006DEA3F /* SceneDelegate.swift */; };
		3F1223822ACAC1F7006DEA3F /* Assets.xcassets in Resources */ = {isa = PBXBuildFile; fileRef = 3F1223812ACAC1F7006DEA3F /* Assets.xcassets */; };
		3F1223852ACAC1F7006DEA3F /* LaunchScreen.storyboard in Resources */ = {isa = PBXBuildFile; fileRef = 3F1223832ACAC1F7006DEA3F /* LaunchScreen.storyboard */; };
		3F12238D2ACB5D9A006DEA3F /* FeedViewController.swift in Sources */ = {isa = PBXBuildFile; fileRef = 3F12238C2ACB5D9A006DEA3F /* FeedViewController.swift */; };
		3F12238F2ACB5DA4006DEA3F /* PostViewController.swift in Sources */ = {isa = PBXBuildFile; fileRef = 3F12238E2ACB5DA4006DEA3F /* PostViewController.swift */; };
		3F1223912ACB5DB4006DEA3F /* InfoViewController.swift in Sources */ = {isa = PBXBuildFile; fileRef = 3F1223902ACB5DB4006DEA3F /* InfoViewController.swift */; };
		3F1223932ACB5DD7006DEA3F /* ProfileViewController.swift in Sources */ = {isa = PBXBuildFile; fileRef = 3F1223922ACB5DD7006DEA3F /* ProfileViewController.swift */; };
		3F1223962ACB5E53006DEA3F /* Post.swift in Sources */ = {isa = PBXBuildFile; fileRef = 3F1223952ACB5E53006DEA3F /* Post.swift */; };
		3F1223E12ACD88E8006DEA3F /* ProfileHeaderView.swift in Sources */ = {isa = PBXBuildFile; fileRef = 3F1223E02ACD88E8006DEA3F /* ProfileHeaderView.swift */; };
		3F2459972AD02E9F009F0110 /* TextFieldWithPadding.swift in Sources */ = {isa = PBXBuildFile; fileRef = 3F2459962AD02E9F009F0110 /* TextFieldWithPadding.swift */; };
		3F2459992AD47E29009F0110 /* LogInViewController.swift in Sources */ = {isa = PBXBuildFile; fileRef = 3F2459982AD47E29009F0110 /* LogInViewController.swift */; };
		3F2459CB2AD87F27009F0110 /* CustomButton.swift in Sources */ = {isa = PBXBuildFile; fileRef = 3F2459CA2AD87F27009F0110 /* CustomButton.swift */; };
		3F2459FD2AD94280009F0110 /* Extensions.swift in Sources */ = {isa = PBXBuildFile; fileRef = 3F2459FC2AD94280009F0110 /* Extensions.swift */; };
/* End PBXBuildFile section */

/* Begin PBXFileReference section */
		3F1223752ACAC1F6006DEA3F /* Nvigation.app */ = {isa = PBXFileReference; explicitFileType = wrapper.application; includeInIndex = 0; path = Nvigation.app; sourceTree = BUILT_PRODUCTS_DIR; };
		3F1223782ACAC1F6006DEA3F /* AppDelegate.swift */ = {isa = PBXFileReference; lastKnownFileType = sourcecode.swift; path = AppDelegate.swift; sourceTree = "<group>"; };
		3F12237A2ACAC1F6006DEA3F /* SceneDelegate.swift */ = {isa = PBXFileReference; lastKnownFileType = sourcecode.swift; path = SceneDelegate.swift; sourceTree = "<group>"; };
		3F1223812ACAC1F7006DEA3F /* Assets.xcassets */ = {isa = PBXFileReference; lastKnownFileType = folder.assetcatalog; path = Assets.xcassets; sourceTree = "<group>"; };
		3F1223842ACAC1F7006DEA3F /* Base */ = {isa = PBXFileReference; lastKnownFileType = file.storyboard; name = Base; path = Base.lproj/LaunchScreen.storyboard; sourceTree = "<group>"; };
		3F1223862ACAC1F7006DEA3F /* Info.plist */ = {isa = PBXFileReference; lastKnownFileType = text.plist.xml; path = Info.plist; sourceTree = "<group>"; };
		3F12238C2ACB5D9A006DEA3F /* FeedViewController.swift */ = {isa = PBXFileReference; lastKnownFileType = sourcecode.swift; path = FeedViewController.swift; sourceTree = "<group>"; };
		3F12238E2ACB5DA4006DEA3F /* PostViewController.swift */ = {isa = PBXFileReference; lastKnownFileType = sourcecode.swift; path = PostViewController.swift; sourceTree = "<group>"; };
		3F1223902ACB5DB4006DEA3F /* InfoViewController.swift */ = {isa = PBXFileReference; lastKnownFileType = sourcecode.swift; path = InfoViewController.swift; sourceTree = "<group>"; };
		3F1223922ACB5DD7006DEA3F /* ProfileViewController.swift */ = {isa = PBXFileReference; lastKnownFileType = sourcecode.swift; path = ProfileViewController.swift; sourceTree = "<group>"; };
		3F1223952ACB5E53006DEA3F /* Post.swift */ = {isa = PBXFileReference; lastKnownFileType = sourcecode.swift; path = Post.swift; sourceTree = "<group>"; };
		3F1223E02ACD88E8006DEA3F /* ProfileHeaderView.swift */ = {isa = PBXFileReference; lastKnownFileType = sourcecode.swift; path = ProfileHeaderView.swift; sourceTree = "<group>"; };
		3F2459962AD02E9F009F0110 /* TextFieldWithPadding.swift */ = {isa = PBXFileReference; lastKnownFileType = sourcecode.swift; path = TextFieldWithPadding.swift; sourceTree = "<group>"; };
		3F2459982AD47E29009F0110 /* LogInViewController.swift */ = {isa = PBXFileReference; lastKnownFileType = sourcecode.swift; path = LogInViewController.swift; sourceTree = "<group>"; };
		3F2459CA2AD87F27009F0110 /* CustomButton.swift */ = {isa = PBXFileReference; lastKnownFileType = sourcecode.swift; path = CustomButton.swift; sourceTree = "<group>"; };
		3F2459FC2AD94280009F0110 /* Extensions.swift */ = {isa = PBXFileReference; lastKnownFileType = sourcecode.swift; path = Extensions.swift; sourceTree = "<group>"; };
/* End PBXFileReference section */

/* Begin PBXFrameworksBuildPhase section */
		3F1223722ACAC1F6006DEA3F /* Frameworks */ = {
			isa = PBXFrameworksBuildPhase;
			buildActionMask = 2147483647;
			files = (
			);
			runOnlyForDeploymentPostprocessing = 0;
		};
/* End PBXFrameworksBuildPhase section */

/* Begin PBXGroup section */
		3F12236C2ACAC1F6006DEA3F = {
			isa = PBXGroup;
			children = (
				3F1223772ACAC1F6006DEA3F /* Nvigation */,
				3F1223762ACAC1F6006DEA3F /* Products */,
			);
			sourceTree = "<group>";
		};
		3F1223762ACAC1F6006DEA3F /* Products */ = {
			isa = PBXGroup;
			children = (
				3F1223752ACAC1F6006DEA3F /* Nvigation.app */,
			);
			name = Products;
			sourceTree = "<group>";
		};
		3F1223772ACAC1F6006DEA3F /* Nvigation */ = {
			isa = PBXGroup;
			children = (
				3F1223782ACAC1F6006DEA3F /* AppDelegate.swift */,
				3F12237A2ACAC1F6006DEA3F /* SceneDelegate.swift */,
				3F1223812ACAC1F7006DEA3F /* Assets.xcassets */,
				3F1223832ACAC1F7006DEA3F /* LaunchScreen.storyboard */,
				3F1223952ACB5E53006DEA3F /* Post.swift */,
				3F1223862ACAC1F7006DEA3F /* Info.plist */,
				3F12238C2ACB5D9A006DEA3F /* FeedViewController.swift */,
				3F12238E2ACB5DA4006DEA3F /* PostViewController.swift */,
				3F1223902ACB5DB4006DEA3F /* InfoViewController.swift */,
				3F1223DF2ACD88A4006DEA3F /* Profile */,
				3F2459962AD02E9F009F0110 /* TextFieldWithPadding.swift */,
				3F2459CA2AD87F27009F0110 /* CustomButton.swift */,
				3F2459FC2AD94280009F0110 /* Extensions.swift */,
			);
			path = Nvigation;
			sourceTree = "<group>";
		};
		3F1223DF2ACD88A4006DEA3F /* Profile */ = {
			isa = PBXGroup;
			children = (
				3F1223E02ACD88E8006DEA3F /* ProfileHeaderView.swift */,
				3F1223922ACB5DD7006DEA3F /* ProfileViewController.swift */,
				3F2459982AD47E29009F0110 /* LogInViewController.swift */,
			);
			path = Profile;
			sourceTree = "<group>";
		};
/* End PBXGroup section */

/* Begin PBXNativeTarget section */
		3F1223742ACAC1F6006DEA3F /* Nvigation */ = {
			isa = PBXNativeTarget;
			buildConfigurationList = 3F1223892ACAC1F7006DEA3F /* Build configuration list for PBXNativeTarget "Nvigation" */;
			buildPhases = (
				3F1223712ACAC1F6006DEA3F /* Sources */,
				3F1223722ACAC1F6006DEA3F /* Frameworks */,
				3F1223732ACAC1F6006DEA3F /* Resources */,
			);
			buildRules = (
			);
			dependencies = (
			);
			name = Nvigation;
			productName = Nvigation;
			productReference = 3F1223752ACAC1F6006DEA3F /* Nvigation.app */;
			productType = "com.apple.product-type.application";
		};
/* End PBXNativeTarget section */

/* Begin PBXProject section */
		3F12236D2ACAC1F6006DEA3F /* Project object */ = {
			isa = PBXProject;
			attributes = {
				BuildIndependentTargetsInParallel = 1;
				LastSwiftUpdateCheck = 1430;
				LastUpgradeCheck = 1430;
				TargetAttributes = {
					3F1223742ACAC1F6006DEA3F = {
						CreatedOnToolsVersion = 14.3.1;
					};
				};
			};
			buildConfigurationList = 3F1223702ACAC1F6006DEA3F /* Build configuration list for PBXProject "Nvigation" */;
			compatibilityVersion = "Xcode 14.0";
			developmentRegion = en;
			hasScannedForEncodings = 0;
			knownRegions = (
				en,
				Base,
			);
			mainGroup = 3F12236C2ACAC1F6006DEA3F;
			productRefGroup = 3F1223762ACAC1F6006DEA3F /* Products */;
			projectDirPath = "";
			projectRoot = "";
			targets = (
				3F1223742ACAC1F6006DEA3F /* Nvigation */,
			);
		};
/* End PBXProject section */

/* Begin PBXResourcesBuildPhase section */
		3F1223732ACAC1F6006DEA3F /* Resources */ = {
			isa = PBXResourcesBuildPhase;
			buildActionMask = 2147483647;
			files = (
				3F1223852ACAC1F7006DEA3F /* LaunchScreen.storyboard in Resources */,
				3F1223822ACAC1F7006DEA3F /* Assets.xcassets in Resources */,
			);
			runOnlyForDeploymentPostprocessing = 0;
		};
/* End PBXResourcesBuildPhase section */

/* Begin PBXSourcesBuildPhase section */
		3F1223712ACAC1F6006DEA3F /* Sources */ = {
			isa = PBXSourcesBuildPhase;
			buildActionMask = 2147483647;
			files = (
				3F2459FD2AD94280009F0110 /* Extensions.swift in Sources */,
				3F1223932ACB5DD7006DEA3F /* ProfileViewController.swift in Sources */,
				3F12238F2ACB5DA4006DEA3F /* PostViewController.swift in Sources */,
				3F1223792ACAC1F6006DEA3F /* AppDelegate.swift in Sources */,
				3F12238D2ACB5D9A006DEA3F /* FeedViewController.swift in Sources */,
				3F12237B2ACAC1F6006DEA3F /* SceneDelegate.swift in Sources */,
				3F1223962ACB5E53006DEA3F /* Post.swift in Sources */,
				3F1223912ACB5DB4006DEA3F /* InfoViewController.swift in Sources */,
				3F2459CB2AD87F27009F0110 /* CustomButton.swift in Sources */,
				3F2459972AD02E9F009F0110 /* TextFieldWithPadding.swift in Sources */,
				3F2459992AD47E29009F0110 /* LogInViewController.swift in Sources */,
				3F1223E12ACD88E8006DEA3F /* ProfileHeaderView.swift in Sources */,
			);
			runOnlyForDeploymentPostprocessing = 0;
		};
/* End PBXSourcesBuildPhase section */

/* Begin PBXVariantGroup section */
		3F1223832ACAC1F7006DEA3F /* LaunchScreen.storyboard */ = {
			isa = PBXVariantGroup;
			children = (
				3F1223842ACAC1F7006DEA3F /* Base */,
			);
			name = LaunchScreen.storyboard;
			sourceTree = "<group>";
		};
/* End PBXVariantGroup section */

/* Begin XCBuildConfiguration section */
		3F1223872ACAC1F7006DEA3F /* Debug */ = {
			isa = XCBuildConfiguration;
			buildSettings = {
				ALWAYS_SEARCH_USER_PATHS = NO;
				CLANG_ANALYZER_NONNULL = YES;
				CLANG_ANALYZER_NUMBER_OBJECT_CONVERSION = YES_AGGRESSIVE;
				CLANG_CXX_LANGUAGE_STANDARD = "gnu++20";
				CLANG_ENABLE_MODULES = YES;
				CLANG_ENABLE_OBJC_ARC = YES;
				CLANG_ENABLE_OBJC_WEAK = YES;
				CLANG_WARN_BLOCK_CAPTURE_AUTORELEASING = YES;
				CLANG_WARN_BOOL_CONVERSION = YES;
				CLANG_WARN_COMMA = YES;
				CLANG_WARN_CONSTANT_CONVERSION = YES;
				CLANG_WARN_DEPRECATED_OBJC_IMPLEMENTATIONS = YES;
				CLANG_WARN_DIRECT_OBJC_ISA_USAGE = YES_ERROR;
				CLANG_WARN_DOCUMENTATION_COMMENTS = YES;
				CLANG_WARN_EMPTY_BODY = YES;
				CLANG_WARN_ENUM_CONVERSION = YES;
				CLANG_WARN_INFINITE_RECURSION = YES;
				CLANG_WARN_INT_CONVERSION = YES;
				CLANG_WARN_NON_LITERAL_NULL_CONVERSION = YES;
				CLANG_WARN_OBJC_IMPLICIT_RETAIN_SELF = YES;
				CLANG_WARN_OBJC_LITERAL_CONVERSION = YES;
				CLANG_WARN_OBJC_ROOT_CLASS = YES_ERROR;
				CLANG_WARN_QUOTED_INCLUDE_IN_FRAMEWORK_HEADER = YES;
				CLANG_WARN_RANGE_LOOP_ANALYSIS = YES;
				CLANG_WARN_STRICT_PROTOTYPES = YES;
				CLANG_WARN_SUSPICIOUS_MOVE = YES;
				CLANG_WARN_UNGUARDED_AVAILABILITY = YES_AGGRESSIVE;
				CLANG_WARN_UNREACHABLE_CODE = YES;
				CLANG_WARN__DUPLICATE_METHOD_MATCH = YES;
				COPY_PHASE_STRIP = NO;
				DEBUG_INFORMATION_FORMAT = dwarf;
				ENABLE_STRICT_OBJC_MSGSEND = YES;
				ENABLE_TESTABILITY = YES;
				GCC_C_LANGUAGE_STANDARD = gnu11;
				GCC_DYNAMIC_NO_PIC = NO;
				GCC_NO_COMMON_BLOCKS = YES;
				GCC_OPTIMIZATION_LEVEL = 0;
				GCC_PREPROCESSOR_DEFINITIONS = (
					"DEBUG=1",
					"$(inherited)",
				);
				GCC_WARN_64_TO_32_BIT_CONVERSION = YES;
				GCC_WARN_ABOUT_RETURN_TYPE = YES_ERROR;
				GCC_WARN_UNDECLARED_SELECTOR = YES;
				GCC_WARN_UNINITIALIZED_AUTOS = YES_AGGRESSIVE;
				GCC_WARN_UNUSED_FUNCTION = YES;
				GCC_WARN_UNUSED_VARIABLE = YES;
				IPHONEOS_DEPLOYMENT_TARGET = 16.4;
				MTL_ENABLE_DEBUG_INFO = INCLUDE_SOURCE;
				MTL_FAST_MATH = YES;
				ONLY_ACTIVE_ARCH = YES;
				SDKROOT = iphoneos;
				SWIFT_ACTIVE_COMPILATION_CONDITIONS = DEBUG;
				SWIFT_OPTIMIZATION_LEVEL = "-Onone";
			};
			name = Debug;
		};
		3F1223882ACAC1F7006DEA3F /* Release */ = {
			isa = XCBuildConfiguration;
			buildSettings = {
				ALWAYS_SEARCH_USER_PATHS = NO;
				CLANG_ANALYZER_NONNULL = YES;
				CLANG_ANALYZER_NUMBER_OBJECT_CONVERSION = YES_AGGRESSIVE;
				CLANG_CXX_LANGUAGE_STANDARD = "gnu++20";
				CLANG_ENABLE_MODULES = YES;
				CLANG_ENABLE_OBJC_ARC = YES;
				CLANG_ENABLE_OBJC_WEAK = YES;
				CLANG_WARN_BLOCK_CAPTURE_AUTORELEASING = YES;
				CLANG_WARN_BOOL_CONVERSION = YES;
				CLANG_WARN_COMMA = YES;
				CLANG_WARN_CONSTANT_CONVERSION = YES;
				CLANG_WARN_DEPRECATED_OBJC_IMPLEMENTATIONS = YES;
				CLANG_WARN_DIRECT_OBJC_ISA_USAGE = YES_ERROR;
				CLANG_WARN_DOCUMENTATION_COMMENTS = YES;
				CLANG_WARN_EMPTY_BODY = YES;
				CLANG_WARN_ENUM_CONVERSION = YES;
				CLANG_WARN_INFINITE_RECURSION = YES;
				CLANG_WARN_INT_CONVERSION = YES;
				CLANG_WARN_NON_LITERAL_NULL_CONVERSION = YES;
				CLANG_WARN_OBJC_IMPLICIT_RETAIN_SELF = YES;
				CLANG_WARN_OBJC_LITERAL_CONVERSION = YES;
				CLANG_WARN_OBJC_ROOT_CLASS = YES_ERROR;
				CLANG_WARN_QUOTED_INCLUDE_IN_FRAMEWORK_HEADER = YES;
				CLANG_WARN_RANGE_LOOP_ANALYSIS = YES;
				CLANG_WARN_STRICT_PROTOTYPES = YES;
				CLANG_WARN_SUSPICIOUS_MOVE = YES;
				CLANG_WARN_UNGUARDED_AVAILABILITY = YES_AGGRESSIVE;
				CLANG_WARN_UNREACHABLE_CODE = YES;
				CLANG_WARN__DUPLICATE_METHOD_MATCH = YES;
				COPY_PHASE_STRIP = NO;
				DEBUG_INFORMATION_FORMAT = "dwarf-with-dsym";
				ENABLE_NS_ASSERTIONS = NO;
				ENABLE_STRICT_OBJC_MSGSEND = YES;
				GCC_C_LANGUAGE_STANDARD = gnu11;
				GCC_NO_COMMON_BLOCKS = YES;
				GCC_WARN_64_TO_32_BIT_CONVERSION = YES;
				GCC_WARN_ABOUT_RETURN_TYPE = YES_ERROR;
				GCC_WARN_UNDECLARED_SELECTOR = YES;
				GCC_WARN_UNINITIALIZED_AUTOS = YES_AGGRESSIVE;
				GCC_WARN_UNUSED_FUNCTION = YES;
				GCC_WARN_UNUSED_VARIABLE = YES;
				IPHONEOS_DEPLOYMENT_TARGET = 16.4;
				MTL_ENABLE_DEBUG_INFO = NO;
				MTL_FAST_MATH = YES;
				SDKROOT = iphoneos;
				SWIFT_COMPILATION_MODE = wholemodule;
				SWIFT_OPTIMIZATION_LEVEL = "-O";
				VALIDATE_PRODUCT = YES;
			};
			name = Release;
		};
		3F12238A2ACAC1F7006DEA3F /* Debug */ = {
			isa = XCBuildConfiguration;
			buildSettings = {
				ASSETCATALOG_COMPILER_APPICON_NAME = AppIcon;
				ASSETCATALOG_COMPILER_GLOBAL_ACCENT_COLOR_NAME = AccentColor;
				CODE_SIGN_STYLE = Automatic;
				CURRENT_PROJECT_VERSION = 1;
				GENERATE_INFOPLIST_FILE = YES;
				INFOPLIST_FILE = Nvigation/Info.plist;
				INFOPLIST_KEY_UIApplicationSupportsIndirectInputEvents = YES;
				INFOPLIST_KEY_UILaunchStoryboardName = LaunchScreen;
				INFOPLIST_KEY_UISupportedInterfaceOrientations_iPad = "UIInterfaceOrientationPortrait UIInterfaceOrientationPortraitUpsideDown UIInterfaceOrientationLandscapeLeft UIInterfaceOrientationLandscapeRight";
				INFOPLIST_KEY_UISupportedInterfaceOrientations_iPhone = "UIInterfaceOrientationPortrait UIInterfaceOrientationLandscapeLeft UIInterfaceOrientationLandscapeRight";
				IPHONEOS_DEPLOYMENT_TARGET = 13.0;
				LD_RUNPATH_SEARCH_PATHS = (
					"$(inherited)",
					"@executable_path/Frameworks",
				);
				MARKETING_VERSION = 1.0;
				PRODUCT_BUNDLE_IDENTIFIER = com.ilyam.Nvigation;
				PRODUCT_NAME = "$(TARGET_NAME)";
				SWIFT_EMIT_LOC_STRINGS = YES;
				SWIFT_VERSION = 5.0;
				TARGETED_DEVICE_FAMILY = "1,2";
			};
			name = Debug;
		};
		3F12238B2ACAC1F7006DEA3F /* Release */ = {
			isa = XCBuildConfiguration;
			buildSettings = {
				ASSETCATALOG_COMPILER_APPICON_NAME = AppIcon;
				ASSETCATALOG_COMPILER_GLOBAL_ACCENT_COLOR_NAME = AccentColor;
				CODE_SIGN_STYLE = Automatic;
				CURRENT_PROJECT_VERSION = 1;
				GENERATE_INFOPLIST_FILE = YES;
				INFOPLIST_FILE = Nvigation/Info.plist;
				INFOPLIST_KEY_UIApplicationSupportsIndirectInputEvents = YES;
				INFOPLIST_KEY_UILaunchStoryboardName = LaunchScreen;
				INFOPLIST_KEY_UISupportedInterfaceOrientations_iPad = "UIInterfaceOrientationPortrait UIInterfaceOrientationPortraitUpsideDown UIInterfaceOrientationLandscapeLeft UIInterfaceOrientationLandscapeRight";
				INFOPLIST_KEY_UISupportedInterfaceOrientations_iPhone = "UIInterfaceOrientationPortrait UIInterfaceOrientationLandscapeLeft UIInterfaceOrientationLandscapeRight";
				IPHONEOS_DEPLOYMENT_TARGET = 13.0;
				LD_RUNPATH_SEARCH_PATHS = (
					"$(inherited)",
					"@executable_path/Frameworks",
				);
				MARKETING_VERSION = 1.0;
				PRODUCT_BUNDLE_IDENTIFIER = com.ilyam.Nvigation;
				PRODUCT_NAME = "$(TARGET_NAME)";
				SWIFT_EMIT_LOC_STRINGS = YES;
				SWIFT_VERSION = 5.0;
				TARGETED_DEVICE_FAMILY = "1,2";
			};
			name = Release;
		};
/* End XCBuildConfiguration section */

/* Begin XCConfigurationList section */
		3F1223702ACAC1F6006DEA3F /* Build configuration list for PBXProject "Nvigation" */ = {
			isa = XCConfigurationList;
			buildConfigurations = (
				3F1223872ACAC1F7006DEA3F /* Debug */,
				3F1223882ACAC1F7006DEA3F /* Release */,
			);
			defaultConfigurationIsVisible = 0;
			defaultConfigurationName = Release;
		};
		3F1223892ACAC1F7006DEA3F /* Build configuration list for PBXNativeTarget "Nvigation" */ = {
			isa = XCConfigurationList;
			buildConfigurations = (
				3F12238A2ACAC1F7006DEA3F /* Debug */,
				3F12238B2ACAC1F7006DEA3F /* Release */,
			);
			defaultConfigurationIsVisible = 0;
			defaultConfigurationName = Release;
		};
/* End XCConfigurationList section */
	};
	rootObject = 3F12236D2ACAC1F6006DEA3F /* Project object */;
}
